
Microsoft Visual Studio Solution File, Format Version 12.00
# Visual Studio Version 16
VisualStudioVersion = 16.0.31205.134
MinimumVisualStudioVersion = 10.0.40219.1
Project("{FAE04EC0-301F-11D3-BF4B-00C04F79EFBC}") = "M1SF", "M1SF\M1SF.csproj", "{BC0DB7C9-56D4-4F63-8E14-EC1A10E915DC}"
EndProject
Global
	GlobalSection(SolutionConfigurationPlatforms) = preSolution
		Debug|Any CPU = Debug|Any CPU
		Release|Any CPU = Release|Any CPU
	EndGlobalSection
	GlobalSection(ProjectConfigurationPlatforms) = postSolution
		{BC0DB7C9-56D4-4F63-8E14-EC1A10E915DC}.Debug|Any CPU.ActiveCfg = Debug|Any CPU
		{BC0DB7C9-56D4-4F63-8E14-EC1A10E915DC}.Debug|Any CPU.Build.0 = Debug|Any CPU
		{BC0DB7C9-56D4-4F63-8E14-EC1A10E915DC}.Release|Any CPU.ActiveCfg = Release|Any CPU
		{BC0DB7C9-56D4-4F63-8E14-EC1A10E915DC}.Release|Any CPU.Build.0 = Release|Any CPU
	EndGlobalSection
	GlobalSection(SolutionProperties) = preSolution
		HideSolutionNode = FALSE
	EndGlobalSection
	GlobalSection(ExtensibilityGlobals) = postSolution
		SolutionGuid = {0168D7EF-DC08-4C79-B827-B0F78A7DAFA4}
	EndGlobalSection
EndGlobal
